
Microsoft Visual Studio Solution File, Format Version 12.00
# Visual Studio 15
VisualStudioVersion = 15.0.33529.398
MinimumVisualStudioVersion = 10.0.40219.1
Project("{FAE04EC0-301F-11D3-BF4B-00C04F79EFBC}") = "cwall", "cwall\cwall.csproj", "{EB25580C-76D1-4EB7-9EC8-C1521EAE5E02}"
EndProject
Global
	GlobalSection(SolutionConfigurationPlatforms) = preSolution
		Debug|Any CPU = Debug|Any CPU
		Release|Any CPU = Release|Any CPU
	EndGlobalSection
	GlobalSection(ProjectConfigurationPlatforms) = postSolution
		{EB25580C-76D1-4EB7-9EC8-C1521EAE5E02}.Debug|Any CPU.ActiveCfg = Debug|Any CPU
		{EB25580C-76D1-4EB7-9EC8-C1521EAE5E02}.Debug|Any CPU.Build.0 = Debug|Any CPU
		{EB25580C-76D1-4EB7-9EC8-C1521EAE5E02}.Release|Any CPU.ActiveCfg = Release|Any CPU
		{EB25580C-76D1-4EB7-9EC8-C1521EAE5E02}.Release|Any CPU.Build.0 = Release|Any CPU
	EndGlobalSection
	GlobalSection(SolutionProperties) = preSolution
		HideSolutionNode = FALSE
	EndGlobalSection
	GlobalSection(ExtensibilityGlobals) = postSolution
		SolutionGuid = {7ABE0088-D230-49C7-BAA6-C26F4F4C6ADA}
	EndGlobalSection
EndGlobal
